// !$*UTF8*$!
{
	archiveVersion = 1;
	classes = {
	};
	objectVersion = 56;
	objects = {

/* Begin PBXBuildFile section */
		A5644FF52A52F60C00E43605 /* AppDelegate.swift in Sources */ = {isa = PBXBuildFile; fileRef = A5644FF42A52F60C00E43605 /* AppDelegate.swift */; };
		A5644FF72A52F60C00E43605 /* SceneDelegate.swift in Sources */ = {isa = PBXBuildFile; fileRef = A5644FF62A52F60C00E43605 /* SceneDelegate.swift */; };
		A5644FF92A52F60C00E43605 /* ViewController.swift in Sources */ = {isa = PBXBuildFile; fileRef = A5644FF82A52F60C00E43605 /* ViewController.swift */; };
		A5644FFC2A52F60C00E43605 /* Main.storyboard in Resources */ = {isa = PBXBuildFile; fileRef = A5644FFA2A52F60C00E43605 /* Main.storyboard */; };
		A5644FFF2A52F60C00E43605 /* Telas_Swift.xcdatamodeld in Sources */ = {isa = PBXBuildFile; fileRef = A5644FFD2A52F60C00E43605 /* Telas_Swift.xcdatamodeld */; };
		A56450012A52F60F00E43605 /* Assets.xcassets in Resources */ = {isa = PBXBuildFile; fileRef = A56450002A52F60F00E43605 /* Assets.xcassets */; };
		A56450042A52F60F00E43605 /* LaunchScreen.storyboard in Resources */ = {isa = PBXBuildFile; fileRef = A56450022A52F60F00E43605 /* LaunchScreen.storyboard */; };
		A564500F2A52F61000E43605 /* Telas_SwiftTests.swift in Sources */ = {isa = PBXBuildFile; fileRef = A564500E2A52F61000E43605 /* Telas_SwiftTests.swift */; };
		A56450192A52F61000E43605 /* Telas_SwiftUITests.swift in Sources */ = {isa = PBXBuildFile; fileRef = A56450182A52F61000E43605 /* Telas_SwiftUITests.swift */; };
		A564501B2A52F61000E43605 /* Telas_SwiftUITestsLaunchTests.swift in Sources */ = {isa = PBXBuildFile; fileRef = A564501A2A52F61000E43605 /* Telas_SwiftUITestsLaunchTests.swift */; };
		A564502D2A52F9D800E43605 /* UIcolor+.swift in Sources */ = {isa = PBXBuildFile; fileRef = A564502C2A52F9D800E43605 /* UIcolor+.swift */; };
		A564503C2A53040E00E43605 /* RedViewControlller.swift in Sources */ = {isa = PBXBuildFile; fileRef = A564503B2A53040E00E43605 /* RedViewControlller.swift */; };
		A56450402A53048500E43605 /* GreenViewController.swift in Sources */ = {isa = PBXBuildFile; fileRef = A564503F2A53048500E43605 /* GreenViewController.swift */; };
		A56450422A53049D00E43605 /* GreenView.swift in Sources */ = {isa = PBXBuildFile; fileRef = A56450412A53049D00E43605 /* GreenView.swift */; };
		A56450442A5304B700E43605 /* BlueViewController.swift in Sources */ = {isa = PBXBuildFile; fileRef = A56450432A5304B700E43605 /* BlueViewController.swift */; };
		A56450482A53063900E43605 /* BlueView.swift in Sources */ = {isa = PBXBuildFile; fileRef = A56450472A53063900E43605 /* BlueView.swift */; };
		A564504A2A53070900E43605 /* ButtonDefault.swift in Sources */ = {isa = PBXBuildFile; fileRef = A56450492A53070900E43605 /* ButtonDefault.swift */; };
		A564504C2A53074C00E43605 /* ViewDefault.swift in Sources */ = {isa = PBXBuildFile; fileRef = A564504B2A53074C00E43605 /* ViewDefault.swift */; };
		A564504E2A53082C00E43605 /* Coordinator.swift in Sources */ = {isa = PBXBuildFile; fileRef = A564504D2A53082B00E43605 /* Coordinator.swift */; };
		A56450502A53085900E43605 /* BlueCoordinator.swift in Sources */ = {isa = PBXBuildFile; fileRef = A564504F2A53085900E43605 /* BlueCoordinator.swift */; };
		A56450522A53086700E43605 /* GreenCoordinator.swift in Sources */ = {isa = PBXBuildFile; fileRef = A56450512A53086700E43605 /* GreenCoordinator.swift */; };
		A56450542A53087100E43605 /* RedCoordinator.swift in Sources */ = {isa = PBXBuildFile; fileRef = A56450532A53087100E43605 /* RedCoordinator.swift */; };
		A56450562A53126B00E43605 /* RedView.swift in Sources */ = {isa = PBXBuildFile; fileRef = A56450552A53126B00E43605 /* RedView.swift */; };
		A56450592A589CE500E43605 /* ViewControllerDefault.swift in Sources */ = {isa = PBXBuildFile; fileRef = A56450582A589CE500E43605 /* ViewControllerDefault.swift */; };
/* End PBXBuildFile section */

/* Begin PBXContainerItemProxy section */
		A564500B2A52F61000E43605 /* PBXContainerItemProxy */ = {
			isa = PBXContainerItemProxy;
			containerPortal = A5644FE92A52F60C00E43605 /* Project object */;
			proxyType = 1;
			remoteGlobalIDString = A5644FF02A52F60C00E43605;
			remoteInfo = "Telas-Swift";
		};
		A56450152A52F61000E43605 /* PBXContainerItemProxy */ = {
			isa = PBXContainerItemProxy;
			containerPortal = A5644FE92A52F60C00E43605 /* Project object */;
			proxyType = 1;
			remoteGlobalIDString = A5644FF02A52F60C00E43605;
			remoteInfo = "Telas-Swift";
		};
/* End PBXContainerItemProxy section */

/* Begin PBXFileReference section */
		A5644FF12A52F60C00E43605 /* Telas-Swift.app */ = {isa = PBXFileReference; explicitFileType = wrapper.application; includeInIndex = 0; path = "Telas-Swift.app"; sourceTree = BUILT_PRODUCTS_DIR; };
		A5644FF42A52F60C00E43605 /* AppDelegate.swift */ = {isa = PBXFileReference; lastKnownFileType = sourcecode.swift; path = AppDelegate.swift; sourceTree = "<group>"; };
		A5644FF62A52F60C00E43605 /* SceneDelegate.swift */ = {isa = PBXFileReference; lastKnownFileType = sourcecode.swift; path = SceneDelegate.swift; sourceTree = "<group>"; };
		A5644FF82A52F60C00E43605 /* ViewController.swift */ = {isa = PBXFileReference; lastKnownFileType = sourcecode.swift; path = ViewController.swift; sourceTree = "<group>"; };
		A5644FFB2A52F60C00E43605 /* Base */ = {isa = PBXFileReference; lastKnownFileType = file.storyboard; name = Base; path = Base.lproj/Main.storyboard; sourceTree = "<group>"; };
		A5644FFE2A52F60C00E43605 /* Telas_Swift.xcdatamodel */ = {isa = PBXFileReference; lastKnownFileType = wrapper.xcdatamodel; path = Telas_Swift.xcdatamodel; sourceTree = "<group>"; };
		A56450002A52F60F00E43605 /* Assets.xcassets */ = {isa = PBXFileReference; lastKnownFileType = folder.assetcatalog; path = Assets.xcassets; sourceTree = "<group>"; };
		A56450032A52F60F00E43605 /* Base */ = {isa = PBXFileReference; lastKnownFileType = file.storyboard; name = Base; path = Base.lproj/LaunchScreen.storyboard; sourceTree = "<group>"; };
		A56450052A52F60F00E43605 /* Info.plist */ = {isa = PBXFileReference; lastKnownFileType = text.plist.xml; path = Info.plist; sourceTree = "<group>"; };
		A564500A2A52F61000E43605 /* Telas-SwiftTests.xctest */ = {isa = PBXFileReference; explicitFileType = wrapper.cfbundle; includeInIndex = 0; path = "Telas-SwiftTests.xctest"; sourceTree = BUILT_PRODUCTS_DIR; };
		A564500E2A52F61000E43605 /* Telas_SwiftTests.swift */ = {isa = PBXFileReference; lastKnownFileType = sourcecode.swift; path = Telas_SwiftTests.swift; sourceTree = "<group>"; };
		A56450142A52F61000E43605 /* Telas-SwiftUITests.xctest */ = {isa = PBXFileReference; explicitFileType = wrapper.cfbundle; includeInIndex = 0; path = "Telas-SwiftUITests.xctest"; sourceTree = BUILT_PRODUCTS_DIR; };
		A56450182A52F61000E43605 /* Telas_SwiftUITests.swift */ = {isa = PBXFileReference; lastKnownFileType = sourcecode.swift; path = Telas_SwiftUITests.swift; sourceTree = "<group>"; };
		A564501A2A52F61000E43605 /* Telas_SwiftUITestsLaunchTests.swift */ = {isa = PBXFileReference; lastKnownFileType = sourcecode.swift; path = Telas_SwiftUITestsLaunchTests.swift; sourceTree = "<group>"; };
		A564502C2A52F9D800E43605 /* UIcolor+.swift */ = {isa = PBXFileReference; lastKnownFileType = sourcecode.swift; path = "UIcolor+.swift"; sourceTree = "<group>"; };
		A564503B2A53040E00E43605 /* RedViewControlller.swift */ = {isa = PBXFileReference; lastKnownFileType = sourcecode.swift; path = RedViewControlller.swift; sourceTree = "<group>"; };
		A564503F2A53048500E43605 /* GreenViewController.swift */ = {isa = PBXFileReference; lastKnownFileType = sourcecode.swift; path = GreenViewController.swift; sourceTree = "<group>"; };
		A56450412A53049D00E43605 /* GreenView.swift */ = {isa = PBXFileReference; lastKnownFileType = sourcecode.swift; path = GreenView.swift; sourceTree = "<group>"; };
		A56450432A5304B700E43605 /* BlueViewController.swift */ = {isa = PBXFileReference; lastKnownFileType = sourcecode.swift; path = BlueViewController.swift; sourceTree = "<group>"; };
		A56450472A53063900E43605 /* BlueView.swift */ = {isa = PBXFileReference; lastKnownFileType = sourcecode.swift; path = BlueView.swift; sourceTree = "<group>"; };
		A56450492A53070900E43605 /* ButtonDefault.swift */ = {isa = PBXFileReference; lastKnownFileType = sourcecode.swift; path = ButtonDefault.swift; sourceTree = "<group>"; };
		A564504B2A53074C00E43605 /* ViewDefault.swift */ = {isa = PBXFileReference; lastKnownFileType = sourcecode.swift; path = ViewDefault.swift; sourceTree = "<group>"; };
		A564504D2A53082B00E43605 /* Coordinator.swift */ = {isa = PBXFileReference; lastKnownFileType = sourcecode.swift; path = Coordinator.swift; sourceTree = "<group>"; };
		A564504F2A53085900E43605 /* BlueCoordinator.swift */ = {isa = PBXFileReference; lastKnownFileType = sourcecode.swift; path = BlueCoordinator.swift; sourceTree = "<group>"; };
		A56450512A53086700E43605 /* GreenCoordinator.swift */ = {isa = PBXFileReference; lastKnownFileType = sourcecode.swift; path = GreenCoordinator.swift; sourceTree = "<group>"; };
		A56450532A53087100E43605 /* RedCoordinator.swift */ = {isa = PBXFileReference; lastKnownFileType = sourcecode.swift; path = RedCoordinator.swift; sourceTree = "<group>"; };
		A56450552A53126B00E43605 /* RedView.swift */ = {isa = PBXFileReference; lastKnownFileType = sourcecode.swift; path = RedView.swift; sourceTree = "<group>"; };
		A56450582A589CE500E43605 /* ViewControllerDefault.swift */ = {isa = PBXFileReference; lastKnownFileType = sourcecode.swift; path = ViewControllerDefault.swift; sourceTree = "<group>"; };
/* End PBXFileReference section */

/* Begin PBXFrameworksBuildPhase section */
		A5644FEE2A52F60C00E43605 /* Frameworks */ = {
			isa = PBXFrameworksBuildPhase;
			buildActionMask = 2147483647;
			files = (
			);
			runOnlyForDeploymentPostprocessing = 0;
		};
		A56450072A52F61000E43605 /* Frameworks */ = {
			isa = PBXFrameworksBuildPhase;
			buildActionMask = 2147483647;
			files = (
			);
			runOnlyForDeploymentPostprocessing = 0;
		};
		A56450112A52F61000E43605 /* Frameworks */ = {
			isa = PBXFrameworksBuildPhase;
			buildActionMask = 2147483647;
			files = (
			);
			runOnlyForDeploymentPostprocessing = 0;
		};
/* End PBXFrameworksBuildPhase section */

/* Begin PBXGroup section */
		A5644FE82A52F60C00E43605 = {
			isa = PBXGroup;
			children = (
				A5644FF32A52F60C00E43605 /* Telas-Swift */,
				A564500D2A52F61000E43605 /* Telas-SwiftTests */,
				A56450172A52F61000E43605 /* Telas-SwiftUITests */,
				A5644FF22A52F60C00E43605 /* Products */,
			);
			sourceTree = "<group>";
		};
		A5644FF22A52F60C00E43605 /* Products */ = {
			isa = PBXGroup;
			children = (
				A5644FF12A52F60C00E43605 /* Telas-Swift.app */,
				A564500A2A52F61000E43605 /* Telas-SwiftTests.xctest */,
				A56450142A52F61000E43605 /* Telas-SwiftUITests.xctest */,
			);
			name = Products;
			sourceTree = "<group>";
		};
		A5644FF32A52F60C00E43605 /* Telas-Swift */ = {
			isa = PBXGroup;
			children = (
				A56450272A52F6C500E43605 /* Resource */,
			);
			path = "Telas-Swift";
			sourceTree = "<group>";
		};
		A564500D2A52F61000E43605 /* Telas-SwiftTests */ = {
			isa = PBXGroup;
			children = (
				A564500E2A52F61000E43605 /* Telas_SwiftTests.swift */,
			);
			path = "Telas-SwiftTests";
			sourceTree = "<group>";
		};
		A56450172A52F61000E43605 /* Telas-SwiftUITests */ = {
			isa = PBXGroup;
			children = (
				A56450182A52F61000E43605 /* Telas_SwiftUITests.swift */,
				A564501A2A52F61000E43605 /* Telas_SwiftUITestsLaunchTests.swift */,
			);
			path = "Telas-SwiftUITests";
			sourceTree = "<group>";
		};
		A56450272A52F6C500E43605 /* Resource */ = {
			isa = PBXGroup;
			children = (
				A5644FF42A52F60C00E43605 /* AppDelegate.swift */,
				A5644FF62A52F60C00E43605 /* SceneDelegate.swift */,
				A5644FF82A52F60C00E43605 /* ViewController.swift */,
				A5644FFA2A52F60C00E43605 /* Main.storyboard */,
				A56450002A52F60F00E43605 /* Assets.xcassets */,
				A56450022A52F60F00E43605 /* LaunchScreen.storyboard */,
				A56450052A52F60F00E43605 /* Info.plist */,
				A5644FFD2A52F60C00E43605 /* Telas_Swift.xcdatamodeld */,
				A56450282A52F6D800E43605 /* Source */,
			);
			path = Resource;
			sourceTree = "<group>";
		};
		A56450282A52F6D800E43605 /* Source */ = {
			isa = PBXGroup;
			children = (
				A564502B2A52F9AA00E43605 /* Extensions */,
				A564502E2A52FA0900E43605 /* Infraestructure */,
				A56450292A52F72E00E43605 /* Controller */,
				A564502A2A52F73400E43605 /* Coordinator */,
			);
			path = Source;
			sourceTree = "<group>";
		};
		A56450292A52F72E00E43605 /* Controller */ = {
			isa = PBXGroup;
			children = (
				A56450362A5303B100E43605 /* Blue */,
				A56450372A5303BD00E43605 /* Green */,
				A56450382A5303C600E43605 /* Red */,
			);
			path = Controller;
			sourceTree = "<group>";
		};
		A564502A2A52F73400E43605 /* Coordinator */ = {
			isa = PBXGroup;
			children = (
				A564504D2A53082B00E43605 /* Coordinator.swift */,
				A564504F2A53085900E43605 /* BlueCoordinator.swift */,
				A56450512A53086700E43605 /* GreenCoordinator.swift */,
				A56450532A53087100E43605 /* RedCoordinator.swift */,
			);
			path = Coordinator;
			sourceTree = "<group>";
		};
		A564502B2A52F9AA00E43605 /* Extensions */ = {
			isa = PBXGroup;
			children = (
				A564502C2A52F9D800E43605 /* UIcolor+.swift */,
			);
			path = Extensions;
			sourceTree = "<group>";
		};
		A564502E2A52FA0900E43605 /* Infraestructure */ = {
			isa = PBXGroup;
			children = (
				A56450492A53070900E43605 /* ButtonDefault.swift */,
				A564504B2A53074C00E43605 /* ViewDefault.swift */,
				A56450582A589CE500E43605 /* ViewControllerDefault.swift */,
			);
			path = Infraestructure;
			sourceTree = "<group>";
		};
		A56450362A5303B100E43605 /* Blue */ = {
			isa = PBXGroup;
			children = (
				A56450472A53063900E43605 /* BlueView.swift */,
				A56450432A5304B700E43605 /* BlueViewController.swift */,
			);
			path = Blue;
			sourceTree = "<group>";
		};
		A56450372A5303BD00E43605 /* Green */ = {
			isa = PBXGroup;
			children = (
				A56450412A53049D00E43605 /* GreenView.swift */,
				A564503F2A53048500E43605 /* GreenViewController.swift */,
			);
			path = Green;
			sourceTree = "<group>";
		};
		A56450382A5303C600E43605 /* Red */ = {
			isa = PBXGroup;
			children = (
				A56450552A53126B00E43605 /* RedView.swift */,
				A564503B2A53040E00E43605 /* RedViewControlller.swift */,
			);
			path = Red;
			sourceTree = "<group>";
		};
/* End PBXGroup section */

/* Begin PBXNativeTarget section */
		A5644FF02A52F60C00E43605 /* Telas-Swift */ = {
			isa = PBXNativeTarget;
			buildConfigurationList = A564501E2A52F61000E43605 /* Build configuration list for PBXNativeTarget "Telas-Swift" */;
			buildPhases = (
				A5644FED2A52F60C00E43605 /* Sources */,
				A5644FEE2A52F60C00E43605 /* Frameworks */,
				A5644FEF2A52F60C00E43605 /* Resources */,
			);
			buildRules = (
			);
			dependencies = (
			);
			name = "Telas-Swift";
			productName = "Telas-Swift";
			productReference = A5644FF12A52F60C00E43605 /* Telas-Swift.app */;
			productType = "com.apple.product-type.application";
		};
		A56450092A52F61000E43605 /* Telas-SwiftTests */ = {
			isa = PBXNativeTarget;
			buildConfigurationList = A56450212A52F61000E43605 /* Build configuration list for PBXNativeTarget "Telas-SwiftTests" */;
			buildPhases = (
				A56450062A52F61000E43605 /* Sources */,
				A56450072A52F61000E43605 /* Frameworks */,
				A56450082A52F61000E43605 /* Resources */,
			);
			buildRules = (
			);
			dependencies = (
				A564500C2A52F61000E43605 /* PBXTargetDependency */,
			);
			name = "Telas-SwiftTests";
			productName = "Telas-SwiftTests";
			productReference = A564500A2A52F61000E43605 /* Telas-SwiftTests.xctest */;
			productType = "com.apple.product-type.bundle.unit-test";
		};
		A56450132A52F61000E43605 /* Telas-SwiftUITests */ = {
			isa = PBXNativeTarget;
			buildConfigurationList = A56450242A52F61000E43605 /* Build configuration list for PBXNativeTarget "Telas-SwiftUITests" */;
			buildPhases = (
				A56450102A52F61000E43605 /* Sources */,
				A56450112A52F61000E43605 /* Frameworks */,
				A56450122A52F61000E43605 /* Resources */,
			);
			buildRules = (
			);
			dependencies = (
				A56450162A52F61000E43605 /* PBXTargetDependency */,
			);
			name = "Telas-SwiftUITests";
			productName = "Telas-SwiftUITests";
			productReference = A56450142A52F61000E43605 /* Telas-SwiftUITests.xctest */;
			productType = "com.apple.product-type.bundle.ui-testing";
		};
/* End PBXNativeTarget section */

/* Begin PBXProject section */
		A5644FE92A52F60C00E43605 /* Project object */ = {
			isa = PBXProject;
			attributes = {
				BuildIndependentTargetsInParallel = 1;
				LastSwiftUpdateCheck = 1430;
				LastUpgradeCheck = 1430;
				TargetAttributes = {
					A5644FF02A52F60C00E43605 = {
						CreatedOnToolsVersion = 14.3;
					};
					A56450092A52F61000E43605 = {
						CreatedOnToolsVersion = 14.3;
						TestTargetID = A5644FF02A52F60C00E43605;
					};
					A56450132A52F61000E43605 = {
						CreatedOnToolsVersion = 14.3;
						TestTargetID = A5644FF02A52F60C00E43605;
					};
				};
			};
			buildConfigurationList = A5644FEC2A52F60C00E43605 /* Build configuration list for PBXProject "Telas-Swift" */;
			compatibilityVersion = "Xcode 14.0";
			developmentRegion = en;
			hasScannedForEncodings = 0;
			knownRegions = (
				en,
				Base,
			);
			mainGroup = A5644FE82A52F60C00E43605;
			productRefGroup = A5644FF22A52F60C00E43605 /* Products */;
			projectDirPath = "";
			projectRoot = "";
			targets = (
				A5644FF02A52F60C00E43605 /* Telas-Swift */,
				A56450092A52F61000E43605 /* Telas-SwiftTests */,
				A56450132A52F61000E43605 /* Telas-SwiftUITests */,
			);
		};
/* End PBXProject section */

/* Begin PBXResourcesBuildPhase section */
		A5644FEF2A52F60C00E43605 /* Resources */ = {
			isa = PBXResourcesBuildPhase;
			buildActionMask = 2147483647;
			files = (
				A56450042A52F60F00E43605 /* LaunchScreen.storyboard in Resources */,
				A56450012A52F60F00E43605 /* Assets.xcassets in Resources */,
				A5644FFC2A52F60C00E43605 /* Main.storyboard in Resources */,
			);
			runOnlyForDeploymentPostprocessing = 0;
		};
		A56450082A52F61000E43605 /* Resources */ = {
			isa = PBXResourcesBuildPhase;
			buildActionMask = 2147483647;
			files = (
			);
			runOnlyForDeploymentPostprocessing = 0;
		};
		A56450122A52F61000E43605 /* Resources */ = {
			isa = PBXResourcesBuildPhase;
			buildActionMask = 2147483647;
			files = (
			);
			runOnlyForDeploymentPostprocessing = 0;
		};
/* End PBXResourcesBuildPhase section */

/* Begin PBXSourcesBuildPhase section */
		A5644FED2A52F60C00E43605 /* Sources */ = {
			isa = PBXSourcesBuildPhase;
			buildActionMask = 2147483647;
			files = (
				A5644FF92A52F60C00E43605 /* ViewController.swift in Sources */,
				A56450562A53126B00E43605 /* RedView.swift in Sources */,
				A564503C2A53040E00E43605 /* RedViewControlller.swift in Sources */,
				A564504E2A53082C00E43605 /* Coordinator.swift in Sources */,
				A56450422A53049D00E43605 /* GreenView.swift in Sources */,
				A56450502A53085900E43605 /* BlueCoordinator.swift in Sources */,
				A56450522A53086700E43605 /* GreenCoordinator.swift in Sources */,
				A564504A2A53070900E43605 /* ButtonDefault.swift in Sources */,
				A5644FFF2A52F60C00E43605 /* Telas_Swift.xcdatamodeld in Sources */,
				A56450482A53063900E43605 /* BlueView.swift in Sources */,
				A56450592A589CE500E43605 /* ViewControllerDefault.swift in Sources */,
				A56450402A53048500E43605 /* GreenViewController.swift in Sources */,
				A564502D2A52F9D800E43605 /* UIcolor+.swift in Sources */,
				A564504C2A53074C00E43605 /* ViewDefault.swift in Sources */,
				A5644FF52A52F60C00E43605 /* AppDelegate.swift in Sources */,
				A56450442A5304B700E43605 /* BlueViewController.swift in Sources */,
				A56450542A53087100E43605 /* RedCoordinator.swift in Sources */,
				A5644FF72A52F60C00E43605 /* SceneDelegate.swift in Sources */,
			);
			runOnlyForDeploymentPostprocessing = 0;
		};
		A56450062A52F61000E43605 /* Sources */ = {
			isa = PBXSourcesBuildPhase;
			buildActionMask = 2147483647;
			files = (
				A564500F2A52F61000E43605 /* Telas_SwiftTests.swift in Sources */,
			);
			runOnlyForDeploymentPostprocessing = 0;
		};
		A56450102A52F61000E43605 /* Sources */ = {
			isa = PBXSourcesBuildPhase;
			buildActionMask = 2147483647;
			files = (
				A564501B2A52F61000E43605 /* Telas_SwiftUITestsLaunchTests.swift in Sources */,
				A56450192A52F61000E43605 /* Telas_SwiftUITests.swift in Sources */,
			);
			runOnlyForDeploymentPostprocessing = 0;
		};
/* End PBXSourcesBuildPhase section */

/* Begin PBXTargetDependency section */
		A564500C2A52F61000E43605 /* PBXTargetDependency */ = {
			isa = PBXTargetDependency;
			target = A5644FF02A52F60C00E43605 /* Telas-Swift */;
			targetProxy = A564500B2A52F61000E43605 /* PBXContainerItemProxy */;
		};
		A56450162A52F61000E43605 /* PBXTargetDependency */ = {
			isa = PBXTargetDependency;
			target = A5644FF02A52F60C00E43605 /* Telas-Swift */;
			targetProxy = A56450152A52F61000E43605 /* PBXContainerItemProxy */;
		};
/* End PBXTargetDependency section */

/* Begin PBXVariantGroup section */
		A5644FFA2A52F60C00E43605 /* Main.storyboard */ = {
			isa = PBXVariantGroup;
			children = (
				A5644FFB2A52F60C00E43605 /* Base */,
			);
			name = Main.storyboard;
			sourceTree = "<group>";
		};
		A56450022A52F60F00E43605 /* LaunchScreen.storyboard */ = {
			isa = PBXVariantGroup;
			children = (
				A56450032A52F60F00E43605 /* Base */,
			);
			name = LaunchScreen.storyboard;
			sourceTree = "<group>";
		};
/* End PBXVariantGroup section */

/* Begin XCBuildConfiguration section */
		A564501C2A52F61000E43605 /* Debug */ = {
			isa = XCBuildConfiguration;
			buildSettings = {
				ALWAYS_SEARCH_USER_PATHS = NO;
				CLANG_ANALYZER_NONNULL = YES;
				CLANG_ANALYZER_NUMBER_OBJECT_CONVERSION = YES_AGGRESSIVE;
				CLANG_CXX_LANGUAGE_STANDARD = "gnu++20";
				CLANG_ENABLE_MODULES = YES;
				CLANG_ENABLE_OBJC_ARC = YES;
				CLANG_ENABLE_OBJC_WEAK = YES;
				CLANG_WARN_BLOCK_CAPTURE_AUTORELEASING = YES;
				CLANG_WARN_BOOL_CONVERSION = YES;
				CLANG_WARN_COMMA = YES;
				CLANG_WARN_CONSTANT_CONVERSION = YES;
				CLANG_WARN_DEPRECATED_OBJC_IMPLEMENTATIONS = YES;
				CLANG_WARN_DIRECT_OBJC_ISA_USAGE = YES_ERROR;
				CLANG_WARN_DOCUMENTATION_COMMENTS = YES;
				CLANG_WARN_EMPTY_BODY = YES;
				CLANG_WARN_ENUM_CONVERSION = YES;
				CLANG_WARN_INFINITE_RECURSION = YES;
				CLANG_WARN_INT_CONVERSION = YES;
				CLANG_WARN_NON_LITERAL_NULL_CONVERSION = YES;
				CLANG_WARN_OBJC_IMPLICIT_RETAIN_SELF = YES;
				CLANG_WARN_OBJC_LITERAL_CONVERSION = YES;
				CLANG_WARN_OBJC_ROOT_CLASS = YES_ERROR;
				CLANG_WARN_QUOTED_INCLUDE_IN_FRAMEWORK_HEADER = YES;
				CLANG_WARN_RANGE_LOOP_ANALYSIS = YES;
				CLANG_WARN_STRICT_PROTOTYPES = YES;
				CLANG_WARN_SUSPICIOUS_MOVE = YES;
				CLANG_WARN_UNGUARDED_AVAILABILITY = YES_AGGRESSIVE;
				CLANG_WARN_UNREACHABLE_CODE = YES;
				CLANG_WARN__DUPLICATE_METHOD_MATCH = YES;
				COPY_PHASE_STRIP = NO;
				DEBUG_INFORMATION_FORMAT = dwarf;
				ENABLE_STRICT_OBJC_MSGSEND = YES;
				ENABLE_TESTABILITY = YES;
				GCC_C_LANGUAGE_STANDARD = gnu11;
				GCC_DYNAMIC_NO_PIC = NO;
				GCC_NO_COMMON_BLOCKS = YES;
				GCC_OPTIMIZATION_LEVEL = 0;
				GCC_PREPROCESSOR_DEFINITIONS = (
					"DEBUG=1",
					"$(inherited)",
				);
				GCC_WARN_64_TO_32_BIT_CONVERSION = YES;
				GCC_WARN_ABOUT_RETURN_TYPE = YES_ERROR;
				GCC_WARN_UNDECLARED_SELECTOR = YES;
				GCC_WARN_UNINITIALIZED_AUTOS = YES_AGGRESSIVE;
				GCC_WARN_UNUSED_FUNCTION = YES;
				GCC_WARN_UNUSED_VARIABLE = YES;
				IPHONEOS_DEPLOYMENT_TARGET = 16.4;
				MTL_ENABLE_DEBUG_INFO = INCLUDE_SOURCE;
				MTL_FAST_MATH = YES;
				ONLY_ACTIVE_ARCH = YES;
				SDKROOT = iphoneos;
				SWIFT_ACTIVE_COMPILATION_CONDITIONS = DEBUG;
				SWIFT_OPTIMIZATION_LEVEL = "-Onone";
			};
			name = Debug;
		};
		A564501D2A52F61000E43605 /* Release */ = {
			isa = XCBuildConfiguration;
			buildSettings = {
				ALWAYS_SEARCH_USER_PATHS = NO;
				CLANG_ANALYZER_NONNULL = YES;
				CLANG_ANALYZER_NUMBER_OBJECT_CONVERSION = YES_AGGRESSIVE;
				CLANG_CXX_LANGUAGE_STANDARD = "gnu++20";
				CLANG_ENABLE_MODULES = YES;
				CLANG_ENABLE_OBJC_ARC = YES;
				CLANG_ENABLE_OBJC_WEAK = YES;
				CLANG_WARN_BLOCK_CAPTURE_AUTORELEASING = YES;
				CLANG_WARN_BOOL_CONVERSION = YES;
				CLANG_WARN_COMMA = YES;
				CLANG_WARN_CONSTANT_CONVERSION = YES;
				CLANG_WARN_DEPRECATED_OBJC_IMPLEMENTATIONS = YES;
				CLANG_WARN_DIRECT_OBJC_ISA_USAGE = YES_ERROR;
				CLANG_WARN_DOCUMENTATION_COMMENTS = YES;
				CLANG_WARN_EMPTY_BODY = YES;
				CLANG_WARN_ENUM_CONVERSION = YES;
				CLANG_WARN_INFINITE_RECURSION = YES;
				CLANG_WARN_INT_CONVERSION = YES;
				CLANG_WARN_NON_LITERAL_NULL_CONVERSION = YES;
				CLANG_WARN_OBJC_IMPLICIT_RETAIN_SELF = YES;
				CLANG_WARN_OBJC_LITERAL_CONVERSION = YES;
				CLANG_WARN_OBJC_ROOT_CLASS = YES_ERROR;
				CLANG_WARN_QUOTED_INCLUDE_IN_FRAMEWORK_HEADER = YES;
				CLANG_WARN_RANGE_LOOP_ANALYSIS = YES;
				CLANG_WARN_STRICT_PROTOTYPES = YES;
				CLANG_WARN_SUSPICIOUS_MOVE = YES;
				CLANG_WARN_UNGUARDED_AVAILABILITY = YES_AGGRESSIVE;
				CLANG_WARN_UNREACHABLE_CODE = YES;
				CLANG_WARN__DUPLICATE_METHOD_MATCH = YES;
				COPY_PHASE_STRIP = NO;
				DEBUG_INFORMATION_FORMAT = "dwarf-with-dsym";
				ENABLE_NS_ASSERTIONS = NO;
				ENABLE_STRICT_OBJC_MSGSEND = YES;
				GCC_C_LANGUAGE_STANDARD = gnu11;
				GCC_NO_COMMON_BLOCKS = YES;
				GCC_WARN_64_TO_32_BIT_CONVERSION = YES;
				GCC_WARN_ABOUT_RETURN_TYPE = YES_ERROR;
				GCC_WARN_UNDECLARED_SELECTOR = YES;
				GCC_WARN_UNINITIALIZED_AUTOS = YES_AGGRESSIVE;
				GCC_WARN_UNUSED_FUNCTION = YES;
				GCC_WARN_UNUSED_VARIABLE = YES;
				IPHONEOS_DEPLOYMENT_TARGET = 16.4;
				MTL_ENABLE_DEBUG_INFO = NO;
				MTL_FAST_MATH = YES;
				SDKROOT = iphoneos;
				SWIFT_COMPILATION_MODE = wholemodule;
				SWIFT_OPTIMIZATION_LEVEL = "-O";
				VALIDATE_PRODUCT = YES;
			};
			name = Release;
		};
		A564501F2A52F61000E43605 /* Debug */ = {
			isa = XCBuildConfiguration;
			buildSettings = {
				ASSETCATALOG_COMPILER_APPICON_NAME = AppIcon;
				ASSETCATALOG_COMPILER_GLOBAL_ACCENT_COLOR_NAME = AccentColor;
				CODE_SIGN_STYLE = Automatic;
				CURRENT_PROJECT_VERSION = 1;
				GENERATE_INFOPLIST_FILE = YES;
				INFOPLIST_FILE = "Telas-Swift/Info.plist";
				INFOPLIST_KEY_UIApplicationSupportsIndirectInputEvents = YES;
				INFOPLIST_KEY_UILaunchStoryboardName = LaunchScreen;
				INFOPLIST_KEY_UIMainStoryboardFile = Main;
				INFOPLIST_KEY_UISupportedInterfaceOrientations_iPad = "UIInterfaceOrientationPortrait UIInterfaceOrientationPortraitUpsideDown UIInterfaceOrientationLandscapeLeft UIInterfaceOrientationLandscapeRight";
				INFOPLIST_KEY_UISupportedInterfaceOrientations_iPhone = "UIInterfaceOrientationPortrait UIInterfaceOrientationLandscapeLeft UIInterfaceOrientationLandscapeRight";
				LD_RUNPATH_SEARCH_PATHS = (
					"$(inherited)",
					"@executable_path/Frameworks",
				);
				MARKETING_VERSION = 1.0;
				PRODUCT_BUNDLE_IDENTIFIER = "br.com.carlos.Telas-Swift";
				PRODUCT_NAME = "$(TARGET_NAME)";
				SWIFT_EMIT_LOC_STRINGS = YES;
				SWIFT_VERSION = 5.0;
				TARGETED_DEVICE_FAMILY = "1,2";
			};
			name = Debug;
		};
		A56450202A52F61000E43605 /* Release */ = {
			isa = XCBuildConfiguration;
			buildSettings = {
				ASSETCATALOG_COMPILER_APPICON_NAME = AppIcon;
				ASSETCATALOG_COMPILER_GLOBAL_ACCENT_COLOR_NAME = AccentColor;
				CODE_SIGN_STYLE = Automatic;
				CURRENT_PROJECT_VERSION = 1;
				GENERATE_INFOPLIST_FILE = YES;
				INFOPLIST_FILE = "Telas-Swift/Info.plist";
				INFOPLIST_KEY_UIApplicationSupportsIndirectInputEvents = YES;
				INFOPLIST_KEY_UILaunchStoryboardName = LaunchScreen;
				INFOPLIST_KEY_UIMainStoryboardFile = Main;
				INFOPLIST_KEY_UISupportedInterfaceOrientations_iPad = "UIInterfaceOrientationPortrait UIInterfaceOrientationPortraitUpsideDown UIInterfaceOrientationLandscapeLeft UIInterfaceOrientationLandscapeRight";
				INFOPLIST_KEY_UISupportedInterfaceOrientations_iPhone = "UIInterfaceOrientationPortrait UIInterfaceOrientationLandscapeLeft UIInterfaceOrientationLandscapeRight";
				LD_RUNPATH_SEARCH_PATHS = (
					"$(inherited)",
					"@executable_path/Frameworks",
				);
				MARKETING_VERSION = 1.0;
				PRODUCT_BUNDLE_IDENTIFIER = "br.com.carlos.Telas-Swift";
				PRODUCT_NAME = "$(TARGET_NAME)";
				SWIFT_EMIT_LOC_STRINGS = YES;
				SWIFT_VERSION = 5.0;
				TARGETED_DEVICE_FAMILY = "1,2";
			};
			name = Release;
		};
		A56450222A52F61000E43605 /* Debug */ = {
			isa = XCBuildConfiguration;
			buildSettings = {
				ALWAYS_EMBED_SWIFT_STANDARD_LIBRARIES = YES;
				BUNDLE_LOADER = "$(TEST_HOST)";
				CODE_SIGN_STYLE = Automatic;
				CURRENT_PROJECT_VERSION = 1;
				GENERATE_INFOPLIST_FILE = YES;
				IPHONEOS_DEPLOYMENT_TARGET = 16.4;
				MARKETING_VERSION = 1.0;
				PRODUCT_BUNDLE_IDENTIFIER = "br.com.carlos.Telas-SwiftTests";
				PRODUCT_NAME = "$(TARGET_NAME)";
				SWIFT_EMIT_LOC_STRINGS = NO;
				SWIFT_VERSION = 5.0;
				TARGETED_DEVICE_FAMILY = "1,2";
				TEST_HOST = "$(BUILT_PRODUCTS_DIR)/Telas-Swift.app/$(BUNDLE_EXECUTABLE_FOLDER_PATH)/Telas-Swift";
			};
			name = Debug;
		};
		A56450232A52F61000E43605 /* Release */ = {
			isa = XCBuildConfiguration;
			buildSettings = {
				ALWAYS_EMBED_SWIFT_STANDARD_LIBRARIES = YES;
				BUNDLE_LOADER = "$(TEST_HOST)";
				CODE_SIGN_STYLE = Automatic;
				CURRENT_PROJECT_VERSION = 1;
				GENERATE_INFOPLIST_FILE = YES;
				IPHONEOS_DEPLOYMENT_TARGET = 16.4;
				MARKETING_VERSION = 1.0;
				PRODUCT_BUNDLE_IDENTIFIER = "br.com.carlos.Telas-SwiftTests";
				PRODUCT_NAME = "$(TARGET_NAME)";
				SWIFT_EMIT_LOC_STRINGS = NO;
				SWIFT_VERSION = 5.0;
				TARGETED_DEVICE_FAMILY = "1,2";
				TEST_HOST = "$(BUILT_PRODUCTS_DIR)/Telas-Swift.app/$(BUNDLE_EXECUTABLE_FOLDER_PATH)/Telas-Swift";
			};
			name = Release;
		};
		A56450252A52F61000E43605 /* Debug */ = {
			isa = XCBuildConfiguration;
			buildSettings = {
				ALWAYS_EMBED_SWIFT_STANDARD_LIBRARIES = YES;
				CODE_SIGN_STYLE = Automatic;
				CURRENT_PROJECT_VERSION = 1;
				GENERATE_INFOPLIST_FILE = YES;
				MARKETING_VERSION = 1.0;
				PRODUCT_BUNDLE_IDENTIFIER = "br.com.carlos.Telas-SwiftUITests";
				PRODUCT_NAME = "$(TARGET_NAME)";
				SWIFT_EMIT_LOC_STRINGS = NO;
				SWIFT_VERSION = 5.0;
				TARGETED_DEVICE_FAMILY = "1,2";
				TEST_TARGET_NAME = "Telas-Swift";
			};
			name = Debug;
		};
		A56450262A52F61000E43605 /* Release */ = {
			isa = XCBuildConfiguration;
			buildSettings = {
				ALWAYS_EMBED_SWIFT_STANDARD_LIBRARIES = YES;
				CODE_SIGN_STYLE = Automatic;
				CURRENT_PROJECT_VERSION = 1;
				GENERATE_INFOPLIST_FILE = YES;
				MARKETING_VERSION = 1.0;
				PRODUCT_BUNDLE_IDENTIFIER = "br.com.carlos.Telas-SwiftUITests";
				PRODUCT_NAME = "$(TARGET_NAME)";
				SWIFT_EMIT_LOC_STRINGS = NO;
				SWIFT_VERSION = 5.0;
				TARGETED_DEVICE_FAMILY = "1,2";
				TEST_TARGET_NAME = "Telas-Swift";
			};
			name = Release;
		};
/* End XCBuildConfiguration section */

/* Begin XCConfigurationList section */
		A5644FEC2A52F60C00E43605 /* Build configuration list for PBXProject "Telas-Swift" */ = {
			isa = XCConfigurationList;
			buildConfigurations = (
				A564501C2A52F61000E43605 /* Debug */,
				A564501D2A52F61000E43605 /* Release */,
			);
			defaultConfigurationIsVisible = 0;
			defaultConfigurationName = Release;
		};
		A564501E2A52F61000E43605 /* Build configuration list for PBXNativeTarget "Telas-Swift" */ = {
			isa = XCConfigurationList;
			buildConfigurations = (
				A564501F2A52F61000E43605 /* Debug */,
				A56450202A52F61000E43605 /* Release */,
			);
			defaultConfigurationIsVisible = 0;
			defaultConfigurationName = Release;
		};
		A56450212A52F61000E43605 /* Build configuration list for PBXNativeTarget "Telas-SwiftTests" */ = {
			isa = XCConfigurationList;
			buildConfigurations = (
				A56450222A52F61000E43605 /* Debug */,
				A56450232A52F61000E43605 /* Release */,
			);
			defaultConfigurationIsVisible = 0;
			defaultConfigurationName = Release;
		};
		A56450242A52F61000E43605 /* Build configuration list for PBXNativeTarget "Telas-SwiftUITests" */ = {
			isa = XCConfigurationList;
			buildConfigurations = (
				A56450252A52F61000E43605 /* Debug */,
				A56450262A52F61000E43605 /* Release */,
			);
			defaultConfigurationIsVisible = 0;
			defaultConfigurationName = Release;
		};
/* End XCConfigurationList section */

/* Begin XCVersionGroup section */
		A5644FFD2A52F60C00E43605 /* Telas_Swift.xcdatamodeld */ = {
			isa = XCVersionGroup;
			children = (
				A5644FFE2A52F60C00E43605 /* Telas_Swift.xcdatamodel */,
			);
			currentVersion = A5644FFE2A52F60C00E43605 /* Telas_Swift.xcdatamodel */;
			path = Telas_Swift.xcdatamodeld;
			sourceTree = "<group>";
			versionGroupType = wrapper.xcdatamodel;
		};
/* End XCVersionGroup section */
	};
	rootObject = A5644FE92A52F60C00E43605 /* Project object */;
}
